// !$*UTF8*$!
{
	archiveVersion = 1;
	classes = {
	};
	objectVersion = 55;
	objects = {

/* Begin PBXBuildFile section */
		2C1D9EB228C91CCF00F588AA /* AppDelegate.swift in Sources */ = {isa = PBXBuildFile; fileRef = 2C1D9EB128C91CCF00F588AA /* AppDelegate.swift */; };
		2C1D9EB428C91CCF00F588AA /* SceneDelegate.swift in Sources */ = {isa = PBXBuildFile; fileRef = 2C1D9EB328C91CCF00F588AA /* SceneDelegate.swift */; };
		2C1D9EB928C91CCF00F588AA /* Main.storyboard in Resources */ = {isa = PBXBuildFile; fileRef = 2C1D9EB728C91CCF00F588AA /* Main.storyboard */; };
		2C1D9EBB28C91CCF00F588AA /* Assets.xcassets in Resources */ = {isa = PBXBuildFile; fileRef = 2C1D9EBA28C91CCF00F588AA /* Assets.xcassets */; };
		2C1D9EBE28C91CCF00F588AA /* LaunchScreen.storyboard in Resources */ = {isa = PBXBuildFile; fileRef = 2C1D9EBC28C91CCF00F588AA /* LaunchScreen.storyboard */; };
		2CB287BC28C9226D00E07C07 /* SchoolTask.swift in Sources */ = {isa = PBXBuildFile; fileRef = 2CB287BB28C9226D00E07C07 /* SchoolTask.swift */; };
		2CB287BE28C9227F00E07C07 /* SchoolTaskTableViewCell.swift in Sources */ = {isa = PBXBuildFile; fileRef = 2CB287BD28C9227F00E07C07 /* SchoolTaskTableViewCell.swift */; };
		2CB287C028C9228F00E07C07 /* SchoolTaskController.swift in Sources */ = {isa = PBXBuildFile; fileRef = 2CB287BF28C9228F00E07C07 /* SchoolTaskController.swift */; };
		2CB287C228C9229C00E07C07 /* SchoolTaskListTableViewController.swift in Sources */ = {isa = PBXBuildFile; fileRef = 2CB287C128C9229C00E07C07 /* SchoolTaskListTableViewController.swift */; };
/* End PBXBuildFile section */

/* Begin PBXFileReference section */
		2C1D9EAE28C91CCF00F588AA /* SchoolTasks.app */ = {isa = PBXFileReference; explicitFileType = wrapper.application; includeInIndex = 0; path = SchoolTasks.app; sourceTree = BUILT_PRODUCTS_DIR; };
		2C1D9EB128C91CCF00F588AA /* AppDelegate.swift */ = {isa = PBXFileReference; lastKnownFileType = sourcecode.swift; path = AppDelegate.swift; sourceTree = "<group>"; };
		2C1D9EB328C91CCF00F588AA /* SceneDelegate.swift */ = {isa = PBXFileReference; lastKnownFileType = sourcecode.swift; path = SceneDelegate.swift; sourceTree = "<group>"; };
		2C1D9EB828C91CCF00F588AA /* Base */ = {isa = PBXFileReference; lastKnownFileType = file.storyboard; name = Base; path = Base.lproj/Main.storyboard; sourceTree = "<group>"; };
		2C1D9EBA28C91CCF00F588AA /* Assets.xcassets */ = {isa = PBXFileReference; lastKnownFileType = folder.assetcatalog; path = Assets.xcassets; sourceTree = "<group>"; };
		2C1D9EBD28C91CCF00F588AA /* Base */ = {isa = PBXFileReference; lastKnownFileType = file.storyboard; name = Base; path = Base.lproj/LaunchScreen.storyboard; sourceTree = "<group>"; };
		2C1D9EBF28C91CCF00F588AA /* Info.plist */ = {isa = PBXFileReference; lastKnownFileType = text.plist.xml; path = Info.plist; sourceTree = "<group>"; };
		2CB287BB28C9226D00E07C07 /* SchoolTask.swift */ = {isa = PBXFileReference; lastKnownFileType = sourcecode.swift; path = SchoolTask.swift; sourceTree = "<group>"; };
		2CB287BD28C9227F00E07C07 /* SchoolTaskTableViewCell.swift */ = {isa = PBXFileReference; lastKnownFileType = sourcecode.swift; path = SchoolTaskTableViewCell.swift; sourceTree = "<group>"; };
		2CB287BF28C9228F00E07C07 /* SchoolTaskController.swift */ = {isa = PBXFileReference; lastKnownFileType = sourcecode.swift; path = SchoolTaskController.swift; sourceTree = "<group>"; };
		2CB287C128C9229C00E07C07 /* SchoolTaskListTableViewController.swift */ = {isa = PBXFileReference; lastKnownFileType = sourcecode.swift; path = SchoolTaskListTableViewController.swift; sourceTree = "<group>"; };
/* End PBXFileReference section */

/* Begin PBXFrameworksBuildPhase section */
		2C1D9EAB28C91CCF00F588AA /* Frameworks */ = {
			isa = PBXFrameworksBuildPhase;
			buildActionMask = 2147483647;
			files = (
			);
			runOnlyForDeploymentPostprocessing = 0;
		};
/* End PBXFrameworksBuildPhase section */

/* Begin PBXGroup section */
		2C1D9EA528C91CCF00F588AA = {
			isa = PBXGroup;
			children = (
				2C1D9EB028C91CCF00F588AA /* SchoolTasks */,
				2C1D9EAF28C91CCF00F588AA /* Products */,
			);
			sourceTree = "<group>";
		};
		2C1D9EAF28C91CCF00F588AA /* Products */ = {
			isa = PBXGroup;
			children = (
				2C1D9EAE28C91CCF00F588AA /* SchoolTasks.app */,
			);
			name = Products;
			sourceTree = "<group>";
		};
		2C1D9EB028C91CCF00F588AA /* SchoolTasks */ = {
			isa = PBXGroup;
			children = (
				2CB287B628C9223D00E07C07 /* Models */,
				2CB287B528C9223A00E07C07 /* Views */,
				2CB287B428C9223600E07C07 /* Controllers */,
				2CB287B328C9222200E07C07 /* Resources */,
			);
			path = SchoolTasks;
			sourceTree = "<group>";
		};
		2CB287B328C9222200E07C07 /* Resources */ = {
			isa = PBXGroup;
			children = (
				2C1D9EB128C91CCF00F588AA /* AppDelegate.swift */,
				2C1D9EB328C91CCF00F588AA /* SceneDelegate.swift */,
				2C1D9EBA28C91CCF00F588AA /* Assets.xcassets */,
				2C1D9EBC28C91CCF00F588AA /* LaunchScreen.storyboard */,
				2C1D9EBF28C91CCF00F588AA /* Info.plist */,
			);
			path = Resources;
			sourceTree = "<group>";
		};
		2CB287B428C9223600E07C07 /* Controllers */ = {
			isa = PBXGroup;
			children = (
				2CB287B828C9225100E07C07 /* ModelControllers */,
				2CB287B728C9224C00E07C07 /* ViewControllers */,
			);
			path = Controllers;
			sourceTree = "<group>";
		};
		2CB287B528C9223A00E07C07 /* Views */ = {
			isa = PBXGroup;
			children = (
				2CB287BA28C9226000E07C07 /* Storyboards */,
				2CB287B928C9225800E07C07 /* CustomViews */,
			);
			path = Views;
			sourceTree = "<group>";
		};
		2CB287B628C9223D00E07C07 /* Models */ = {
			isa = PBXGroup;
			children = (
				2CB287BB28C9226D00E07C07 /* SchoolTask.swift */,
			);
			path = Models;
			sourceTree = "<group>";
		};
		2CB287B728C9224C00E07C07 /* ViewControllers */ = {
			isa = PBXGroup;
			children = (
				2CB287C128C9229C00E07C07 /* SchoolTaskListTableViewController.swift */,
			);
			path = ViewControllers;
			sourceTree = "<group>";
		};
		2CB287B828C9225100E07C07 /* ModelControllers */ = {
			isa = PBXGroup;
			children = (
				2CB287BF28C9228F00E07C07 /* SchoolTaskController.swift */,
			);
			path = ModelControllers;
			sourceTree = "<group>";
		};
		2CB287B928C9225800E07C07 /* CustomViews */ = {
			isa = PBXGroup;
			children = (
				2CB287BD28C9227F00E07C07 /* SchoolTaskTableViewCell.swift */,
			);
			path = CustomViews;
			sourceTree = "<group>";
		};
		2CB287BA28C9226000E07C07 /* Storyboards */ = {
			isa = PBXGroup;
			children = (
				2C1D9EB728C91CCF00F588AA /* Main.storyboard */,
			);
			path = Storyboards;
			sourceTree = "<group>";
		};
/* End PBXGroup section */

/* Begin PBXNativeTarget section */
		2C1D9EAD28C91CCF00F588AA /* SchoolTasks */ = {
			isa = PBXNativeTarget;
			buildConfigurationList = 2C1D9EC228C91CCF00F588AA /* Build configuration list for PBXNativeTarget "SchoolTasks" */;
			buildPhases = (
				2C1D9EAA28C91CCF00F588AA /* Sources */,
				2C1D9EAB28C91CCF00F588AA /* Frameworks */,
				2C1D9EAC28C91CCF00F588AA /* Resources */,
			);
			buildRules = (
			);
			dependencies = (
			);
			name = SchoolTasks;
			productName = SchoolTasks;
			productReference = 2C1D9EAE28C91CCF00F588AA /* SchoolTasks.app */;
			productType = "com.apple.product-type.application";
		};
/* End PBXNativeTarget section */

/* Begin PBXProject section */
		2C1D9EA628C91CCF00F588AA /* Project object */ = {
			isa = PBXProject;
			attributes = {
				BuildIndependentTargetsInParallel = 1;
				LastSwiftUpdateCheck = 1340;
				LastUpgradeCheck = 1340;
				TargetAttributes = {
					2C1D9EAD28C91CCF00F588AA = {
						CreatedOnToolsVersion = 13.4.1;
					};
				};
			};
			buildConfigurationList = 2C1D9EA928C91CCF00F588AA /* Build configuration list for PBXProject "SchoolTasks" */;
			compatibilityVersion = "Xcode 13.0";
			developmentRegion = en;
			hasScannedForEncodings = 0;
			knownRegions = (
				en,
				Base,
			);
			mainGroup = 2C1D9EA528C91CCF00F588AA;
			productRefGroup = 2C1D9EAF28C91CCF00F588AA /* Products */;
			projectDirPath = "";
			projectRoot = "";
			targets = (
				2C1D9EAD28C91CCF00F588AA /* SchoolTasks */,
			);
		};
/* End PBXProject section */

/* Begin PBXResourcesBuildPhase section */
		2C1D9EAC28C91CCF00F588AA /* Resources */ = {
			isa = PBXResourcesBuildPhase;
			buildActionMask = 2147483647;
			files = (
				2C1D9EBE28C91CCF00F588AA /* LaunchScreen.storyboard in Resources */,
				2C1D9EBB28C91CCF00F588AA /* Assets.xcassets in Resources */,
				2C1D9EB928C91CCF00F588AA /* Main.storyboard in Resources */,
			);
			runOnlyForDeploymentPostprocessing = 0;
		};
/* End PBXResourcesBuildPhase section */

/* Begin PBXSourcesBuildPhase section */
		2C1D9EAA28C91CCF00F588AA /* Sources */ = {
			isa = PBXSourcesBuildPhase;
			buildActionMask = 2147483647;
			files = (
				2CB287C028C9228F00E07C07 /* SchoolTaskController.swift in Sources */,
				2CB287BE28C9227F00E07C07 /* SchoolTaskTableViewCell.swift in Sources */,
				2C1D9EB228C91CCF00F588AA /* AppDelegate.swift in Sources */,
				2CB287BC28C9226D00E07C07 /* SchoolTask.swift in Sources */,
				2CB287C228C9229C00E07C07 /* SchoolTaskListTableViewController.swift in Sources */,
				2C1D9EB428C91CCF00F588AA /* SceneDelegate.swift in Sources */,
			);
			runOnlyForDeploymentPostprocessing = 0;
		};
/* End PBXSourcesBuildPhase section */

/* Begin PBXVariantGroup section */
		2C1D9EB728C91CCF00F588AA /* Main.storyboard */ = {
			isa = PBXVariantGroup;
			children = (
				2C1D9EB828C91CCF00F588AA /* Base */,
			);
			name = Main.storyboard;
			sourceTree = "<group>";
		};
		2C1D9EBC28C91CCF00F588AA /* LaunchScreen.storyboard */ = {
			isa = PBXVariantGroup;
			children = (
				2C1D9EBD28C91CCF00F588AA /* Base */,
			);
			name = LaunchScreen.storyboard;
			sourceTree = "<group>";
		};
/* End PBXVariantGroup section */

/* Begin XCBuildConfiguration section */
		2C1D9EC028C91CCF00F588AA /* Debug */ = {
			isa = XCBuildConfiguration;
			buildSettings = {
				ALWAYS_SEARCH_USER_PATHS = NO;
				CLANG_ANALYZER_NONNULL = YES;
				CLANG_ANALYZER_NUMBER_OBJECT_CONVERSION = YES_AGGRESSIVE;
				CLANG_CXX_LANGUAGE_STANDARD = "gnu++17";
				CLANG_ENABLE_MODULES = YES;
				CLANG_ENABLE_OBJC_ARC = YES;
				CLANG_ENABLE_OBJC_WEAK = YES;
				CLANG_WARN_BLOCK_CAPTURE_AUTORELEASING = YES;
				CLANG_WARN_BOOL_CONVERSION = YES;
				CLANG_WARN_COMMA = YES;
				CLANG_WARN_CONSTANT_CONVERSION = YES;
				CLANG_WARN_DEPRECATED_OBJC_IMPLEMENTATIONS = YES;
				CLANG_WARN_DIRECT_OBJC_ISA_USAGE = YES_ERROR;
				CLANG_WARN_DOCUMENTATION_COMMENTS = YES;
				CLANG_WARN_EMPTY_BODY = YES;
				CLANG_WARN_ENUM_CONVERSION = YES;
				CLANG_WARN_INFINITE_RECURSION = YES;
				CLANG_WARN_INT_CONVERSION = YES;
				CLANG_WARN_NON_LITERAL_NULL_CONVERSION = YES;
				CLANG_WARN_OBJC_IMPLICIT_RETAIN_SELF = YES;
				CLANG_WARN_OBJC_LITERAL_CONVERSION = YES;
				CLANG_WARN_OBJC_ROOT_CLASS = YES_ERROR;
				CLANG_WARN_QUOTED_INCLUDE_IN_FRAMEWORK_HEADER = YES;
				CLANG_WARN_RANGE_LOOP_ANALYSIS = YES;
				CLANG_WARN_STRICT_PROTOTYPES = YES;
				CLANG_WARN_SUSPICIOUS_MOVE = YES;
				CLANG_WARN_UNGUARDED_AVAILABILITY = YES_AGGRESSIVE;
				CLANG_WARN_UNREACHABLE_CODE = YES;
				CLANG_WARN__DUPLICATE_METHOD_MATCH = YES;
				COPY_PHASE_STRIP = NO;
				DEBUG_INFORMATION_FORMAT = dwarf;
				ENABLE_STRICT_OBJC_MSGSEND = YES;
				ENABLE_TESTABILITY = YES;
				GCC_C_LANGUAGE_STANDARD = gnu11;
				GCC_DYNAMIC_NO_PIC = NO;
				GCC_NO_COMMON_BLOCKS = YES;
				GCC_OPTIMIZATION_LEVEL = 0;
				GCC_PREPROCESSOR_DEFINITIONS = (
					"DEBUG=1",
					"$(inherited)",
				);
				GCC_WARN_64_TO_32_BIT_CONVERSION = YES;
				GCC_WARN_ABOUT_RETURN_TYPE = YES_ERROR;
				GCC_WARN_UNDECLARED_SELECTOR = YES;
				GCC_WARN_UNINITIALIZED_AUTOS = YES_AGGRESSIVE;
				GCC_WARN_UNUSED_FUNCTION = YES;
				GCC_WARN_UNUSED_VARIABLE = YES;
				IPHONEOS_DEPLOYMENT_TARGET = 15.5;
				MTL_ENABLE_DEBUG_INFO = INCLUDE_SOURCE;
				MTL_FAST_MATH = YES;
				ONLY_ACTIVE_ARCH = YES;
				SDKROOT = iphoneos;
				SWIFT_ACTIVE_COMPILATION_CONDITIONS = DEBUG;
				SWIFT_OPTIMIZATION_LEVEL = "-Onone";
			};
			name = Debug;
		};
		2C1D9EC128C91CCF00F588AA /* Release */ = {
			isa = XCBuildConfiguration;
			buildSettings = {
				ALWAYS_SEARCH_USER_PATHS = NO;
				CLANG_ANALYZER_NONNULL = YES;
				CLANG_ANALYZER_NUMBER_OBJECT_CONVERSION = YES_AGGRESSIVE;
				CLANG_CXX_LANGUAGE_STANDARD = "gnu++17";
				CLANG_ENABLE_MODULES = YES;
				CLANG_ENABLE_OBJC_ARC = YES;
				CLANG_ENABLE_OBJC_WEAK = YES;
				CLANG_WARN_BLOCK_CAPTURE_AUTORELEASING = YES;
				CLANG_WARN_BOOL_CONVERSION = YES;
				CLANG_WARN_COMMA = YES;
				CLANG_WARN_CONSTANT_CONVERSION = YES;
				CLANG_WARN_DEPRECATED_OBJC_IMPLEMENTATIONS = YES;
				CLANG_WARN_DIRECT_OBJC_ISA_USAGE = YES_ERROR;
				CLANG_WARN_DOCUMENTATION_COMMENTS = YES;
				CLANG_WARN_EMPTY_BODY = YES;
				CLANG_WARN_ENUM_CONVERSION = YES;
				CLANG_WARN_INFINITE_RECURSION = YES;
				CLANG_WARN_INT_CONVERSION = YES;
				CLANG_WARN_NON_LITERAL_NULL_CONVERSION = YES;
				CLANG_WARN_OBJC_IMPLICIT_RETAIN_SELF = YES;
				CLANG_WARN_OBJC_LITERAL_CONVERSION = YES;
				CLANG_WARN_OBJC_ROOT_CLASS = YES_ERROR;
				CLANG_WARN_QUOTED_INCLUDE_IN_FRAMEWORK_HEADER = YES;
				CLANG_WARN_RANGE_LOOP_ANALYSIS = YES;
				CLANG_WARN_STRICT_PROTOTYPES = YES;
				CLANG_WARN_SUSPICIOUS_MOVE = YES;
				CLANG_WARN_UNGUARDED_AVAILABILITY = YES_AGGRESSIVE;
				CLANG_WARN_UNREACHABLE_CODE = YES;
				CLANG_WARN__DUPLICATE_METHOD_MATCH = YES;
				COPY_PHASE_STRIP = NO;
				DEBUG_INFORMATION_FORMAT = "dwarf-with-dsym";
				ENABLE_NS_ASSERTIONS = NO;
				ENABLE_STRICT_OBJC_MSGSEND = YES;
				GCC_C_LANGUAGE_STANDARD = gnu11;
				GCC_NO_COMMON_BLOCKS = YES;
				GCC_WARN_64_TO_32_BIT_CONVERSION = YES;
				GCC_WARN_ABOUT_RETURN_TYPE = YES_ERROR;
				GCC_WARN_UNDECLARED_SELECTOR = YES;
				GCC_WARN_UNINITIALIZED_AUTOS = YES_AGGRESSIVE;
				GCC_WARN_UNUSED_FUNCTION = YES;
				GCC_WARN_UNUSED_VARIABLE = YES;
				IPHONEOS_DEPLOYMENT_TARGET = 15.5;
				MTL_ENABLE_DEBUG_INFO = NO;
				MTL_FAST_MATH = YES;
				SDKROOT = iphoneos;
				SWIFT_COMPILATION_MODE = wholemodule;
				SWIFT_OPTIMIZATION_LEVEL = "-O";
				VALIDATE_PRODUCT = YES;
			};
			name = Release;
		};
		2C1D9EC328C91CCF00F588AA /* Debug */ = {
			isa = XCBuildConfiguration;
			buildSettings = {
				ASSETCATALOG_COMPILER_APPICON_NAME = AppIcon;
				ASSETCATALOG_COMPILER_GLOBAL_ACCENT_COLOR_NAME = AccentColor;
				CODE_SIGN_STYLE = Automatic;
				CURRENT_PROJECT_VERSION = 1;
				DEVELOPMENT_TEAM = 98KJSJQJ4V;
				GENERATE_INFOPLIST_FILE = YES;
				INFOPLIST_FILE = SchoolTasks/Resources/Info.plist;
				INFOPLIST_KEY_UIApplicationSupportsIndirectInputEvents = YES;
				INFOPLIST_KEY_UILaunchStoryboardName = LaunchScreen;
				INFOPLIST_KEY_UIMainStoryboardFile = Main;
				INFOPLIST_KEY_UISupportedInterfaceOrientations_iPad = "UIInterfaceOrientationPortrait UIInterfaceOrientationPortraitUpsideDown UIInterfaceOrientationLandscapeLeft UIInterfaceOrientationLandscapeRight";
				INFOPLIST_KEY_UISupportedInterfaceOrientations_iPhone = "UIInterfaceOrientationPortrait UIInterfaceOrientationLandscapeLeft UIInterfaceOrientationLandscapeRight";
				LD_RUNPATH_SEARCH_PATHS = (
					"$(inherited)",
					"@executable_path/Frameworks",
				);
				MARKETING_VERSION = 1.0;
				PRODUCT_BUNDLE_IDENTIFIER = com.royalbluesoftware.SchoolTasks;
				PRODUCT_NAME = "$(TARGET_NAME)";
				SWIFT_EMIT_LOC_STRINGS = YES;
				SWIFT_VERSION = 5.0;
				TARGETED_DEVICE_FAMILY = "1,2";
			};
			name = Debug;
		};
		2C1D9EC428C91CCF00F588AA /* Release */ = {
			isa = XCBuildConfiguration;
			buildSettings = {
				ASSETCATALOG_COMPILER_APPICON_NAME = AppIcon;
				ASSETCATALOG_COMPILER_GLOBAL_ACCENT_COLOR_NAME = AccentColor;
				CODE_SIGN_STYLE = Automatic;
				CURRENT_PROJECT_VERSION = 1;
				DEVELOPMENT_TEAM = 98KJSJQJ4V;
				GENERATE_INFOPLIST_FILE = YES;
				INFOPLIST_FILE = SchoolTasks/Resources/Info.plist;
				INFOPLIST_KEY_UIApplicationSupportsIndirectInputEvents = YES;
				INFOPLIST_KEY_UILaunchStoryboardName = LaunchScreen;
				INFOPLIST_KEY_UIMainStoryboardFile = Main;
				INFOPLIST_KEY_UISupportedInterfaceOrientations_iPad = "UIInterfaceOrientationPortrait UIInterfaceOrientationPortraitUpsideDown UIInterfaceOrientationLandscapeLeft UIInterfaceOrientationLandscapeRight";
				INFOPLIST_KEY_UISupportedInterfaceOrientations_iPhone = "UIInterfaceOrientationPortrait UIInterfaceOrientationLandscapeLeft UIInterfaceOrientationLandscapeRight";
				LD_RUNPATH_SEARCH_PATHS = (
					"$(inherited)",
					"@executable_path/Frameworks",
				);
				MARKETING_VERSION = 1.0;
				PRODUCT_BUNDLE_IDENTIFIER = com.royalbluesoftware.SchoolTasks;
				PRODUCT_NAME = "$(TARGET_NAME)";
				SWIFT_EMIT_LOC_STRINGS = YES;
				SWIFT_VERSION = 5.0;
				TARGETED_DEVICE_FAMILY = "1,2";
			};
			name = Release;
		};
/* End XCBuildConfiguration section */

/* Begin XCConfigurationList section */
		2C1D9EA928C91CCF00F588AA /* Build configuration list for PBXProject "SchoolTasks" */ = {
			isa = XCConfigurationList;
			buildConfigurations = (
				2C1D9EC028C91CCF00F588AA /* Debug */,
				2C1D9EC128C91CCF00F588AA /* Release */,
			);
			defaultConfigurationIsVisible = 0;
			defaultConfigurationName = Release;
		};
		2C1D9EC228C91CCF00F588AA /* Build configuration list for PBXNativeTarget "SchoolTasks" */ = {
			isa = XCConfigurationList;
			buildConfigurations = (
				2C1D9EC328C91CCF00F588AA /* Debug */,
				2C1D9EC428C91CCF00F588AA /* Release */,
			);
			defaultConfigurationIsVisible = 0;
			defaultConfigurationName = Release;
		};
/* End XCConfigurationList section */
	};
	rootObject = 2C1D9EA628C91CCF00F588AA /* Project object */;
}
