// !$*UTF8*$!
{
	archiveVersion = 1;
	classes = {
	};
	objectVersion = 55;
	objects = {

/* Begin PBXBuildFile section */
		2C36000A28BD8DC7004B9D25 /* Main.storyboard in Resources */ = {isa = PBXBuildFile; fileRef = 2C36000928BD8DC7004B9D25 /* Main.storyboard */; };
		2C36000C28BD8E13004B9D25 /* TaskListTableViewController.swift in Sources */ = {isa = PBXBuildFile; fileRef = 2C36000B28BD8E13004B9D25 /* TaskListTableViewController.swift */; };
		2C36000E28BD8E4B004B9D25 /* TaskDetailViewController.swift in Sources */ = {isa = PBXBuildFile; fileRef = 2C36000D28BD8E4B004B9D25 /* TaskDetailViewController.swift */; };
		2C36001028BDA6A8004B9D25 /* Task.swift in Sources */ = {isa = PBXBuildFile; fileRef = 2C36000F28BDA6A8004B9D25 /* Task.swift */; };
		2C36001228BDA85C004B9D25 /* TaskController.swift in Sources */ = {isa = PBXBuildFile; fileRef = 2C36001128BDA85C004B9D25 /* TaskController.swift */; };
		2C36001428BDBBD6004B9D25 /* TaskTableViewCell.swift in Sources */ = {isa = PBXBuildFile; fileRef = 2C36001328BDBBD6004B9D25 /* TaskTableViewCell.swift */; };
		2C36FFDE28BD6862004B9D25 /* AppDelegate.swift in Sources */ = {isa = PBXBuildFile; fileRef = 2C36FFDD28BD6862004B9D25 /* AppDelegate.swift */; };
		2C36FFE028BD6862004B9D25 /* SceneDelegate.swift in Sources */ = {isa = PBXBuildFile; fileRef = 2C36FFDF28BD6862004B9D25 /* SceneDelegate.swift */; };
		2C36FFE728BD6862004B9D25 /* Assets.xcassets in Resources */ = {isa = PBXBuildFile; fileRef = 2C36FFE628BD6862004B9D25 /* Assets.xcassets */; };
		2C36FFEA28BD6862004B9D25 /* LaunchScreen.storyboard in Resources */ = {isa = PBXBuildFile; fileRef = 2C36FFE828BD6862004B9D25 /* LaunchScreen.storyboard */; };
/* End PBXBuildFile section */

/* Begin PBXFileReference section */
		2C36000928BD8DC7004B9D25 /* Main.storyboard */ = {isa = PBXFileReference; fileEncoding = 4; lastKnownFileType = file.storyboard; path = Main.storyboard; sourceTree = "<group>"; };
		2C36000B28BD8E13004B9D25 /* TaskListTableViewController.swift */ = {isa = PBXFileReference; lastKnownFileType = sourcecode.swift; path = TaskListTableViewController.swift; sourceTree = "<group>"; };
		2C36000D28BD8E4B004B9D25 /* TaskDetailViewController.swift */ = {isa = PBXFileReference; lastKnownFileType = sourcecode.swift; path = TaskDetailViewController.swift; sourceTree = "<group>"; };
		2C36000F28BDA6A8004B9D25 /* Task.swift */ = {isa = PBXFileReference; lastKnownFileType = sourcecode.swift; path = Task.swift; sourceTree = "<group>"; };
		2C36001128BDA85C004B9D25 /* TaskController.swift */ = {isa = PBXFileReference; lastKnownFileType = sourcecode.swift; path = TaskController.swift; sourceTree = "<group>"; };
		2C36001328BDBBD6004B9D25 /* TaskTableViewCell.swift */ = {isa = PBXFileReference; lastKnownFileType = sourcecode.swift; path = TaskTableViewCell.swift; sourceTree = "<group>"; };
		2C36FFDA28BD6862004B9D25 /* W2-D3_Task.app */ = {isa = PBXFileReference; explicitFileType = wrapper.application; includeInIndex = 0; path = "W2-D3_Task.app"; sourceTree = BUILT_PRODUCTS_DIR; };
		2C36FFDD28BD6862004B9D25 /* AppDelegate.swift */ = {isa = PBXFileReference; lastKnownFileType = sourcecode.swift; path = AppDelegate.swift; sourceTree = "<group>"; };
		2C36FFDF28BD6862004B9D25 /* SceneDelegate.swift */ = {isa = PBXFileReference; lastKnownFileType = sourcecode.swift; path = SceneDelegate.swift; sourceTree = "<group>"; };
		2C36FFE628BD6862004B9D25 /* Assets.xcassets */ = {isa = PBXFileReference; lastKnownFileType = folder.assetcatalog; path = Assets.xcassets; sourceTree = "<group>"; };
		2C36FFE928BD6862004B9D25 /* Base */ = {isa = PBXFileReference; lastKnownFileType = file.storyboard; name = Base; path = Base.lproj/LaunchScreen.storyboard; sourceTree = "<group>"; };
		2C36FFEB28BD6862004B9D25 /* Info.plist */ = {isa = PBXFileReference; lastKnownFileType = text.plist.xml; path = Info.plist; sourceTree = "<group>"; };
/* End PBXFileReference section */

/* Begin PBXFrameworksBuildPhase section */
		2C36FFD728BD6862004B9D25 /* Frameworks */ = {
			isa = PBXFrameworksBuildPhase;
			buildActionMask = 2147483647;
			files = (
			);
			runOnlyForDeploymentPostprocessing = 0;
		};
/* End PBXFrameworksBuildPhase section */

/* Begin PBXGroup section */
		2C36000128BD8D71004B9D25 /* Resources */ = {
			isa = PBXGroup;
			children = (
				2C36FFDD28BD6862004B9D25 /* AppDelegate.swift */,
				2C36FFDF28BD6862004B9D25 /* SceneDelegate.swift */,
				2C36FFE628BD6862004B9D25 /* Assets.xcassets */,
				2C36FFE828BD6862004B9D25 /* LaunchScreen.storyboard */,
				2C36FFEB28BD6862004B9D25 /* Info.plist */,
			);
			path = Resources;
			sourceTree = "<group>";
		};
		2C36000228BD8D83004B9D25 /* Controllers */ = {
			isa = PBXGroup;
			children = (
				2C36000428BD8D8D004B9D25 /* ModelControllers */,
				2C36000328BD8D88004B9D25 /* ViewControllers */,
			);
			path = Controllers;
			sourceTree = "<group>";
		};
		2C36000328BD8D88004B9D25 /* ViewControllers */ = {
			isa = PBXGroup;
			children = (
				2C36000B28BD8E13004B9D25 /* TaskListTableViewController.swift */,
				2C36000D28BD8E4B004B9D25 /* TaskDetailViewController.swift */,
			);
			path = ViewControllers;
			sourceTree = "<group>";
		};
		2C36000428BD8D8D004B9D25 /* ModelControllers */ = {
			isa = PBXGroup;
			children = (
				2C36001128BDA85C004B9D25 /* TaskController.swift */,
			);
			path = ModelControllers;
			sourceTree = "<group>";
		};
		2C36000528BD8D93004B9D25 /* Views */ = {
			isa = PBXGroup;
			children = (
				2C36000628BD8D96004B9D25 /* Storyboards */,
				2C36000728BD8D9F004B9D25 /* CustomViews */,
			);
			path = Views;
			sourceTree = "<group>";
		};
		2C36000628BD8D96004B9D25 /* Storyboards */ = {
			isa = PBXGroup;
			children = (
				2C36000928BD8DC7004B9D25 /* Main.storyboard */,
			);
			path = Storyboards;
			sourceTree = "<group>";
		};
		2C36000728BD8D9F004B9D25 /* CustomViews */ = {
			isa = PBXGroup;
			children = (
				2C36001328BDBBD6004B9D25 /* TaskTableViewCell.swift */,
			);
			path = CustomViews;
			sourceTree = "<group>";
		};
		2C36000828BD8DA8004B9D25 /* Models */ = {
			isa = PBXGroup;
			children = (
				2C36000F28BDA6A8004B9D25 /* Task.swift */,
			);
			path = Models;
			sourceTree = "<group>";
		};
		2C36FFD128BD6862004B9D25 = {
			isa = PBXGroup;
			children = (
				2C36FFDC28BD6862004B9D25 /* W2-D3_Task */,
				2C36FFDB28BD6862004B9D25 /* Products */,
			);
			sourceTree = "<group>";
		};
		2C36FFDB28BD6862004B9D25 /* Products */ = {
			isa = PBXGroup;
			children = (
				2C36FFDA28BD6862004B9D25 /* W2-D3_Task.app */,
			);
			name = Products;
			sourceTree = "<group>";
		};
		2C36FFDC28BD6862004B9D25 /* W2-D3_Task */ = {
			isa = PBXGroup;
			children = (
				2C36000828BD8DA8004B9D25 /* Models */,
				2C36000528BD8D93004B9D25 /* Views */,
				2C36000228BD8D83004B9D25 /* Controllers */,
				2C36000128BD8D71004B9D25 /* Resources */,
			);
			path = "W2-D3_Task";
			sourceTree = "<group>";
		};
/* End PBXGroup section */

/* Begin PBXNativeTarget section */
		2C36FFD928BD6862004B9D25 /* W2-D3_Task */ = {
			isa = PBXNativeTarget;
			buildConfigurationList = 2C36FFEE28BD6862004B9D25 /* Build configuration list for PBXNativeTarget "W2-D3_Task" */;
			buildPhases = (
				2C36FFD628BD6862004B9D25 /* Sources */,
				2C36FFD728BD6862004B9D25 /* Frameworks */,
				2C36FFD828BD6862004B9D25 /* Resources */,
			);
			buildRules = (
			);
			dependencies = (
			);
			name = "W2-D3_Task";
			productName = "W2-D3_Task";
			productReference = 2C36FFDA28BD6862004B9D25 /* W2-D3_Task.app */;
			productType = "com.apple.product-type.application";
		};
/* End PBXNativeTarget section */

/* Begin PBXProject section */
		2C36FFD228BD6862004B9D25 /* Project object */ = {
			isa = PBXProject;
			attributes = {
				BuildIndependentTargetsInParallel = 1;
				LastSwiftUpdateCheck = 1340;
				LastUpgradeCheck = 1340;
				TargetAttributes = {
					2C36FFD928BD6862004B9D25 = {
						CreatedOnToolsVersion = 13.4.1;
					};
				};
			};
			buildConfigurationList = 2C36FFD528BD6862004B9D25 /* Build configuration list for PBXProject "W2-D3_Task" */;
			compatibilityVersion = "Xcode 13.0";
			developmentRegion = en;
			hasScannedForEncodings = 0;
			knownRegions = (
				en,
				Base,
			);
			mainGroup = 2C36FFD128BD6862004B9D25;
			productRefGroup = 2C36FFDB28BD6862004B9D25 /* Products */;
			projectDirPath = "";
			projectRoot = "";
			targets = (
				2C36FFD928BD6862004B9D25 /* W2-D3_Task */,
			);
		};
/* End PBXProject section */

/* Begin PBXResourcesBuildPhase section */
		2C36FFD828BD6862004B9D25 /* Resources */ = {
			isa = PBXResourcesBuildPhase;
			buildActionMask = 2147483647;
			files = (
				2C36000A28BD8DC7004B9D25 /* Main.storyboard in Resources */,
				2C36FFEA28BD6862004B9D25 /* LaunchScreen.storyboard in Resources */,
				2C36FFE728BD6862004B9D25 /* Assets.xcassets in Resources */,
			);
			runOnlyForDeploymentPostprocessing = 0;
		};
/* End PBXResourcesBuildPhase section */

/* Begin PBXSourcesBuildPhase section */
		2C36FFD628BD6862004B9D25 /* Sources */ = {
			isa = PBXSourcesBuildPhase;
			buildActionMask = 2147483647;
			files = (
				2C36001428BDBBD6004B9D25 /* TaskTableViewCell.swift in Sources */,
				2C36000C28BD8E13004B9D25 /* TaskListTableViewController.swift in Sources */,
				2C36FFDE28BD6862004B9D25 /* AppDelegate.swift in Sources */,
				2C36001028BDA6A8004B9D25 /* Task.swift in Sources */,
				2C36000E28BD8E4B004B9D25 /* TaskDetailViewController.swift in Sources */,
				2C36001228BDA85C004B9D25 /* TaskController.swift in Sources */,
				2C36FFE028BD6862004B9D25 /* SceneDelegate.swift in Sources */,
			);
			runOnlyForDeploymentPostprocessing = 0;
		};
/* End PBXSourcesBuildPhase section */

/* Begin PBXVariantGroup section */
		2C36FFE828BD6862004B9D25 /* LaunchScreen.storyboard */ = {
			isa = PBXVariantGroup;
			children = (
				2C36FFE928BD6862004B9D25 /* Base */,
			);
			name = LaunchScreen.storyboard;
			sourceTree = "<group>";
		};
/* End PBXVariantGroup section */

/* Begin XCBuildConfiguration section */
		2C36FFEC28BD6862004B9D25 /* Debug */ = {
			isa = XCBuildConfiguration;
			buildSettings = {
				ALWAYS_SEARCH_USER_PATHS = NO;
				CLANG_ANALYZER_NONNULL = YES;
				CLANG_ANALYZER_NUMBER_OBJECT_CONVERSION = YES_AGGRESSIVE;
				CLANG_CXX_LANGUAGE_STANDARD = "gnu++17";
				CLANG_ENABLE_MODULES = YES;
				CLANG_ENABLE_OBJC_ARC = YES;
				CLANG_ENABLE_OBJC_WEAK = YES;
				CLANG_WARN_BLOCK_CAPTURE_AUTORELEASING = YES;
				CLANG_WARN_BOOL_CONVERSION = YES;
				CLANG_WARN_COMMA = YES;
				CLANG_WARN_CONSTANT_CONVERSION = YES;
				CLANG_WARN_DEPRECATED_OBJC_IMPLEMENTATIONS = YES;
				CLANG_WARN_DIRECT_OBJC_ISA_USAGE = YES_ERROR;
				CLANG_WARN_DOCUMENTATION_COMMENTS = YES;
				CLANG_WARN_EMPTY_BODY = YES;
				CLANG_WARN_ENUM_CONVERSION = YES;
				CLANG_WARN_INFINITE_RECURSION = YES;
				CLANG_WARN_INT_CONVERSION = YES;
				CLANG_WARN_NON_LITERAL_NULL_CONVERSION = YES;
				CLANG_WARN_OBJC_IMPLICIT_RETAIN_SELF = YES;
				CLANG_WARN_OBJC_LITERAL_CONVERSION = YES;
				CLANG_WARN_OBJC_ROOT_CLASS = YES_ERROR;
				CLANG_WARN_QUOTED_INCLUDE_IN_FRAMEWORK_HEADER = YES;
				CLANG_WARN_RANGE_LOOP_ANALYSIS = YES;
				CLANG_WARN_STRICT_PROTOTYPES = YES;
				CLANG_WARN_SUSPICIOUS_MOVE = YES;
				CLANG_WARN_UNGUARDED_AVAILABILITY = YES_AGGRESSIVE;
				CLANG_WARN_UNREACHABLE_CODE = YES;
				CLANG_WARN__DUPLICATE_METHOD_MATCH = YES;
				COPY_PHASE_STRIP = NO;
				DEBUG_INFORMATION_FORMAT = dwarf;
				ENABLE_STRICT_OBJC_MSGSEND = YES;
				ENABLE_TESTABILITY = YES;
				GCC_C_LANGUAGE_STANDARD = gnu11;
				GCC_DYNAMIC_NO_PIC = NO;
				GCC_NO_COMMON_BLOCKS = YES;
				GCC_OPTIMIZATION_LEVEL = 0;
				GCC_PREPROCESSOR_DEFINITIONS = (
					"DEBUG=1",
					"$(inherited)",
				);
				GCC_WARN_64_TO_32_BIT_CONVERSION = YES;
				GCC_WARN_ABOUT_RETURN_TYPE = YES_ERROR;
				GCC_WARN_UNDECLARED_SELECTOR = YES;
				GCC_WARN_UNINITIALIZED_AUTOS = YES_AGGRESSIVE;
				GCC_WARN_UNUSED_FUNCTION = YES;
				GCC_WARN_UNUSED_VARIABLE = YES;
				IPHONEOS_DEPLOYMENT_TARGET = 15.5;
				MTL_ENABLE_DEBUG_INFO = INCLUDE_SOURCE;
				MTL_FAST_MATH = YES;
				ONLY_ACTIVE_ARCH = YES;
				SDKROOT = iphoneos;
				SWIFT_ACTIVE_COMPILATION_CONDITIONS = DEBUG;
				SWIFT_OPTIMIZATION_LEVEL = "-Onone";
			};
			name = Debug;
		};
		2C36FFED28BD6862004B9D25 /* Release */ = {
			isa = XCBuildConfiguration;
			buildSettings = {
				ALWAYS_SEARCH_USER_PATHS = NO;
				CLANG_ANALYZER_NONNULL = YES;
				CLANG_ANALYZER_NUMBER_OBJECT_CONVERSION = YES_AGGRESSIVE;
				CLANG_CXX_LANGUAGE_STANDARD = "gnu++17";
				CLANG_ENABLE_MODULES = YES;
				CLANG_ENABLE_OBJC_ARC = YES;
				CLANG_ENABLE_OBJC_WEAK = YES;
				CLANG_WARN_BLOCK_CAPTURE_AUTORELEASING = YES;
				CLANG_WARN_BOOL_CONVERSION = YES;
				CLANG_WARN_COMMA = YES;
				CLANG_WARN_CONSTANT_CONVERSION = YES;
				CLANG_WARN_DEPRECATED_OBJC_IMPLEMENTATIONS = YES;
				CLANG_WARN_DIRECT_OBJC_ISA_USAGE = YES_ERROR;
				CLANG_WARN_DOCUMENTATION_COMMENTS = YES;
				CLANG_WARN_EMPTY_BODY = YES;
				CLANG_WARN_ENUM_CONVERSION = YES;
				CLANG_WARN_INFINITE_RECURSION = YES;
				CLANG_WARN_INT_CONVERSION = YES;
				CLANG_WARN_NON_LITERAL_NULL_CONVERSION = YES;
				CLANG_WARN_OBJC_IMPLICIT_RETAIN_SELF = YES;
				CLANG_WARN_OBJC_LITERAL_CONVERSION = YES;
				CLANG_WARN_OBJC_ROOT_CLASS = YES_ERROR;
				CLANG_WARN_QUOTED_INCLUDE_IN_FRAMEWORK_HEADER = YES;
				CLANG_WARN_RANGE_LOOP_ANALYSIS = YES;
				CLANG_WARN_STRICT_PROTOTYPES = YES;
				CLANG_WARN_SUSPICIOUS_MOVE = YES;
				CLANG_WARN_UNGUARDED_AVAILABILITY = YES_AGGRESSIVE;
				CLANG_WARN_UNREACHABLE_CODE = YES;
				CLANG_WARN__DUPLICATE_METHOD_MATCH = YES;
				COPY_PHASE_STRIP = NO;
				DEBUG_INFORMATION_FORMAT = "dwarf-with-dsym";
				ENABLE_NS_ASSERTIONS = NO;
				ENABLE_STRICT_OBJC_MSGSEND = YES;
				GCC_C_LANGUAGE_STANDARD = gnu11;
				GCC_NO_COMMON_BLOCKS = YES;
				GCC_WARN_64_TO_32_BIT_CONVERSION = YES;
				GCC_WARN_ABOUT_RETURN_TYPE = YES_ERROR;
				GCC_WARN_UNDECLARED_SELECTOR = YES;
				GCC_WARN_UNINITIALIZED_AUTOS = YES_AGGRESSIVE;
				GCC_WARN_UNUSED_FUNCTION = YES;
				GCC_WARN_UNUSED_VARIABLE = YES;
				IPHONEOS_DEPLOYMENT_TARGET = 15.5;
				MTL_ENABLE_DEBUG_INFO = NO;
				MTL_FAST_MATH = YES;
				SDKROOT = iphoneos;
				SWIFT_COMPILATION_MODE = wholemodule;
				SWIFT_OPTIMIZATION_LEVEL = "-O";
				VALIDATE_PRODUCT = YES;
			};
			name = Release;
		};
		2C36FFEF28BD6862004B9D25 /* Debug */ = {
			isa = XCBuildConfiguration;
			buildSettings = {
				ASSETCATALOG_COMPILER_APPICON_NAME = AppIcon;
				ASSETCATALOG_COMPILER_GLOBAL_ACCENT_COLOR_NAME = AccentColor;
				CODE_SIGN_STYLE = Automatic;
				CURRENT_PROJECT_VERSION = 1;
				DEVELOPMENT_TEAM = 98KJSJQJ4V;
				GENERATE_INFOPLIST_FILE = YES;
				INFOPLIST_FILE = "W2-D3_Task/Resources/Info.plist";
				INFOPLIST_KEY_UIApplicationSupportsIndirectInputEvents = YES;
				INFOPLIST_KEY_UILaunchStoryboardName = LaunchScreen;
				INFOPLIST_KEY_UIMainStoryboardFile = Main;
				INFOPLIST_KEY_UISupportedInterfaceOrientations_iPad = "UIInterfaceOrientationPortrait UIInterfaceOrientationPortraitUpsideDown UIInterfaceOrientationLandscapeLeft UIInterfaceOrientationLandscapeRight";
				INFOPLIST_KEY_UISupportedInterfaceOrientations_iPhone = "UIInterfaceOrientationPortrait UIInterfaceOrientationLandscapeLeft UIInterfaceOrientationLandscapeRight";
				LD_RUNPATH_SEARCH_PATHS = (
					"$(inherited)",
					"@executable_path/Frameworks",
				);
				MARKETING_VERSION = 1.0;
				PRODUCT_BUNDLE_IDENTIFIER = "com.royalbluesoftware.W2-D3-Task";
				PRODUCT_NAME = "$(TARGET_NAME)";
				SWIFT_EMIT_LOC_STRINGS = YES;
				SWIFT_VERSION = 5.0;
				TARGETED_DEVICE_FAMILY = "1,2";
			};
			name = Debug;
		};
		2C36FFF028BD6862004B9D25 /* Release */ = {
			isa = XCBuildConfiguration;
			buildSettings = {
				ASSETCATALOG_COMPILER_APPICON_NAME = AppIcon;
				ASSETCATALOG_COMPILER_GLOBAL_ACCENT_COLOR_NAME = AccentColor;
				CODE_SIGN_STYLE = Automatic;
				CURRENT_PROJECT_VERSION = 1;
				DEVELOPMENT_TEAM = 98KJSJQJ4V;
				GENERATE_INFOPLIST_FILE = YES;
				INFOPLIST_FILE = "W2-D3_Task/Resources/Info.plist";
				INFOPLIST_KEY_UIApplicationSupportsIndirectInputEvents = YES;
				INFOPLIST_KEY_UILaunchStoryboardName = LaunchScreen;
				INFOPLIST_KEY_UIMainStoryboardFile = Main;
				INFOPLIST_KEY_UISupportedInterfaceOrientations_iPad = "UIInterfaceOrientationPortrait UIInterfaceOrientationPortraitUpsideDown UIInterfaceOrientationLandscapeLeft UIInterfaceOrientationLandscapeRight";
				INFOPLIST_KEY_UISupportedInterfaceOrientations_iPhone = "UIInterfaceOrientationPortrait UIInterfaceOrientationLandscapeLeft UIInterfaceOrientationLandscapeRight";
				LD_RUNPATH_SEARCH_PATHS = (
					"$(inherited)",
					"@executable_path/Frameworks",
				);
				MARKETING_VERSION = 1.0;
				PRODUCT_BUNDLE_IDENTIFIER = "com.royalbluesoftware.W2-D3-Task";
				PRODUCT_NAME = "$(TARGET_NAME)";
				SWIFT_EMIT_LOC_STRINGS = YES;
				SWIFT_VERSION = 5.0;
				TARGETED_DEVICE_FAMILY = "1,2";
			};
			name = Release;
		};
/* End XCBuildConfiguration section */

/* Begin XCConfigurationList section */
		2C36FFD528BD6862004B9D25 /* Build configuration list for PBXProject "W2-D3_Task" */ = {
			isa = XCConfigurationList;
			buildConfigurations = (
				2C36FFEC28BD6862004B9D25 /* Debug */,
				2C36FFED28BD6862004B9D25 /* Release */,
			);
			defaultConfigurationIsVisible = 0;
			defaultConfigurationName = Release;
		};
		2C36FFEE28BD6862004B9D25 /* Build configuration list for PBXNativeTarget "W2-D3_Task" */ = {
			isa = XCConfigurationList;
			buildConfigurations = (
				2C36FFEF28BD6862004B9D25 /* Debug */,
				2C36FFF028BD6862004B9D25 /* Release */,
			);
			defaultConfigurationIsVisible = 0;
			defaultConfigurationName = Release;
		};
/* End XCConfigurationList section */
	};
	rootObject = 2C36FFD228BD6862004B9D25 /* Project object */;
}
