// !$*UTF8*$!
{
	archiveVersion = 1;
	classes = {
	};
	objectVersion = 55;
	objects = {

/* Begin PBXBuildFile section */
		2CAAE74928BD51EA00303DB6 /* AppDelegate.swift in Sources */ = {isa = PBXBuildFile; fileRef = 2CAAE74828BD51EA00303DB6 /* AppDelegate.swift */; };
		2CAAE74B28BD51EA00303DB6 /* SceneDelegate.swift in Sources */ = {isa = PBXBuildFile; fileRef = 2CAAE74A28BD51EA00303DB6 /* SceneDelegate.swift */; };
		2CAAE75228BD51EB00303DB6 /* Assets.xcassets in Resources */ = {isa = PBXBuildFile; fileRef = 2CAAE75128BD51EB00303DB6 /* Assets.xcassets */; };
		2CAAE75528BD51EB00303DB6 /* LaunchScreen.storyboard in Resources */ = {isa = PBXBuildFile; fileRef = 2CAAE75328BD51EB00303DB6 /* LaunchScreen.storyboard */; };
		2CAAE76128BD52E300303DB6 /* Entry.swift in Sources */ = {isa = PBXBuildFile; fileRef = 2CAAE76028BD52E300303DB6 /* Entry.swift */; };
		2CAAE76328BD52EA00303DB6 /* Journal.swift in Sources */ = {isa = PBXBuildFile; fileRef = 2CAAE76228BD52EA00303DB6 /* Journal.swift */; };
		2CAAE76B28BD533400303DB6 /* EntryContoller.swift in Sources */ = {isa = PBXBuildFile; fileRef = 2CAAE76A28BD533400303DB6 /* EntryContoller.swift */; };
		2CAAE76D28BD534E00303DB6 /* EntryListTableViewController.swift in Sources */ = {isa = PBXBuildFile; fileRef = 2CAAE76C28BD534E00303DB6 /* EntryListTableViewController.swift */; };
		2CAAE77028BD536000303DB6 /* EntryDetailViewController.swift in Sources */ = {isa = PBXBuildFile; fileRef = 2CAAE76F28BD536000303DB6 /* EntryDetailViewController.swift */; };
		2CAAE77228BD539200303DB6 /* JournalController.swift in Sources */ = {isa = PBXBuildFile; fileRef = 2CAAE77128BD539200303DB6 /* JournalController.swift */; };
		2CAAE77428BD5B0100303DB6 /* Main.storyboard in Resources */ = {isa = PBXBuildFile; fileRef = 2CAAE77328BD5B0100303DB6 /* Main.storyboard */; };
		2CAAE77628BD5B1900303DB6 /* JournalListViewController.swift in Sources */ = {isa = PBXBuildFile; fileRef = 2CAAE77528BD5B1900303DB6 /* JournalListViewController.swift */; };
/* End PBXBuildFile section */

/* Begin PBXFileReference section */
		2CAAE74528BD51EA00303DB6 /* W2-D2_Journal.app */ = {isa = PBXFileReference; explicitFileType = wrapper.application; includeInIndex = 0; path = "W2-D2_Journal.app"; sourceTree = BUILT_PRODUCTS_DIR; };
		2CAAE74828BD51EA00303DB6 /* AppDelegate.swift */ = {isa = PBXFileReference; lastKnownFileType = sourcecode.swift; path = AppDelegate.swift; sourceTree = "<group>"; };
		2CAAE74A28BD51EA00303DB6 /* SceneDelegate.swift */ = {isa = PBXFileReference; lastKnownFileType = sourcecode.swift; path = SceneDelegate.swift; sourceTree = "<group>"; };
		2CAAE75128BD51EB00303DB6 /* Assets.xcassets */ = {isa = PBXFileReference; lastKnownFileType = folder.assetcatalog; path = Assets.xcassets; sourceTree = "<group>"; };
		2CAAE75428BD51EB00303DB6 /* Base */ = {isa = PBXFileReference; lastKnownFileType = file.storyboard; name = Base; path = Base.lproj/LaunchScreen.storyboard; sourceTree = "<group>"; };
		2CAAE75628BD51EB00303DB6 /* Info.plist */ = {isa = PBXFileReference; lastKnownFileType = text.plist.xml; path = Info.plist; sourceTree = "<group>"; };
		2CAAE76028BD52E300303DB6 /* Entry.swift */ = {isa = PBXFileReference; lastKnownFileType = sourcecode.swift; path = Entry.swift; sourceTree = "<group>"; };
		2CAAE76228BD52EA00303DB6 /* Journal.swift */ = {isa = PBXFileReference; lastKnownFileType = sourcecode.swift; path = Journal.swift; sourceTree = "<group>"; };
		2CAAE76A28BD533400303DB6 /* EntryContoller.swift */ = {isa = PBXFileReference; lastKnownFileType = sourcecode.swift; path = EntryContoller.swift; sourceTree = "<group>"; };
		2CAAE76C28BD534E00303DB6 /* EntryListTableViewController.swift */ = {isa = PBXFileReference; lastKnownFileType = sourcecode.swift; path = EntryListTableViewController.swift; sourceTree = "<group>"; };
		2CAAE76F28BD536000303DB6 /* EntryDetailViewController.swift */ = {isa = PBXFileReference; lastKnownFileType = sourcecode.swift; path = EntryDetailViewController.swift; sourceTree = "<group>"; };
		2CAAE77128BD539200303DB6 /* JournalController.swift */ = {isa = PBXFileReference; lastKnownFileType = sourcecode.swift; path = JournalController.swift; sourceTree = "<group>"; };
		2CAAE77328BD5B0100303DB6 /* Main.storyboard */ = {isa = PBXFileReference; fileEncoding = 4; lastKnownFileType = file.storyboard; path = Main.storyboard; sourceTree = "<group>"; };
		2CAAE77528BD5B1900303DB6 /* JournalListViewController.swift */ = {isa = PBXFileReference; lastKnownFileType = sourcecode.swift; path = JournalListViewController.swift; sourceTree = "<group>"; };
/* End PBXFileReference section */

/* Begin PBXFrameworksBuildPhase section */
		2CAAE74228BD51EA00303DB6 /* Frameworks */ = {
			isa = PBXFrameworksBuildPhase;
			buildActionMask = 2147483647;
			files = (
			);
			runOnlyForDeploymentPostprocessing = 0;
		};
/* End PBXFrameworksBuildPhase section */

/* Begin PBXGroup section */
		2CAAE73C28BD51EA00303DB6 = {
			isa = PBXGroup;
			children = (
				2CAAE74728BD51EA00303DB6 /* W2-D2_Journal */,
				2CAAE74628BD51EA00303DB6 /* Products */,
			);
			sourceTree = "<group>";
		};
		2CAAE74628BD51EA00303DB6 /* Products */ = {
			isa = PBXGroup;
			children = (
				2CAAE74528BD51EA00303DB6 /* W2-D2_Journal.app */,
			);
			name = Products;
			sourceTree = "<group>";
		};
		2CAAE74728BD51EA00303DB6 /* W2-D2_Journal */ = {
			isa = PBXGroup;
			children = (
				2CAAE75F28BD521D00303DB6 /* Models */,
				2CAAE75E28BD521900303DB6 /* Views */,
				2CAAE75D28BD521100303DB6 /* Controllers */,
				2CAAE75C28BD51F700303DB6 /* Resources */,
			);
			path = "W2-D2_Journal";
			sourceTree = "<group>";
		};
		2CAAE75C28BD51F700303DB6 /* Resources */ = {
			isa = PBXGroup;
			children = (
				2CAAE74828BD51EA00303DB6 /* AppDelegate.swift */,
				2CAAE74A28BD51EA00303DB6 /* SceneDelegate.swift */,
				2CAAE75128BD51EB00303DB6 /* Assets.xcassets */,
				2CAAE75328BD51EB00303DB6 /* LaunchScreen.storyboard */,
				2CAAE75628BD51EB00303DB6 /* Info.plist */,
			);
			path = Resources;
			sourceTree = "<group>";
		};
		2CAAE75D28BD521100303DB6 /* Controllers */ = {
			isa = PBXGroup;
			children = (
				2CAAE76628BD52FD00303DB6 /* ModelControllers */,
				2CAAE76528BD52F800303DB6 /* ViewControllers */,
			);
			path = Controllers;
			sourceTree = "<group>";
		};
		2CAAE75E28BD521900303DB6 /* Views */ = {
			isa = PBXGroup;
			children = (
				2CAAE76428BD52F200303DB6 /* Storyboard */,
			);
			path = Views;
			sourceTree = "<group>";
		};
		2CAAE75F28BD521D00303DB6 /* Models */ = {
			isa = PBXGroup;
			children = (
				2CAAE76028BD52E300303DB6 /* Entry.swift */,
				2CAAE76228BD52EA00303DB6 /* Journal.swift */,
			);
			path = Models;
			sourceTree = "<group>";
		};
		2CAAE76428BD52F200303DB6 /* Storyboard */ = {
			isa = PBXGroup;
			children = (
				2CAAE77328BD5B0100303DB6 /* Main.storyboard */,
			);
			path = Storyboard;
			sourceTree = "<group>";
		};
		2CAAE76528BD52F800303DB6 /* ViewControllers */ = {
			isa = PBXGroup;
			children = (
				2CAAE77528BD5B1900303DB6 /* JournalListViewController.swift */,
				2CAAE76C28BD534E00303DB6 /* EntryListTableViewController.swift */,
				2CAAE76F28BD536000303DB6 /* EntryDetailViewController.swift */,
			);
			path = ViewControllers;
			sourceTree = "<group>";
		};
		2CAAE76628BD52FD00303DB6 /* ModelControllers */ = {
			isa = PBXGroup;
			children = (
				2CAAE76A28BD533400303DB6 /* EntryContoller.swift */,
				2CAAE77128BD539200303DB6 /* JournalController.swift */,
			);
			path = ModelControllers;
			sourceTree = "<group>";
		};
/* End PBXGroup section */

/* Begin PBXNativeTarget section */
		2CAAE74428BD51EA00303DB6 /* W2-D2_Journal */ = {
			isa = PBXNativeTarget;
			buildConfigurationList = 2CAAE75928BD51EB00303DB6 /* Build configuration list for PBXNativeTarget "W2-D2_Journal" */;
			buildPhases = (
				2CAAE74128BD51EA00303DB6 /* Sources */,
				2CAAE74228BD51EA00303DB6 /* Frameworks */,
				2CAAE74328BD51EA00303DB6 /* Resources */,
			);
			buildRules = (
			);
			dependencies = (
			);
			name = "W2-D2_Journal";
			productName = "W2-D2_Journal";
			productReference = 2CAAE74528BD51EA00303DB6 /* W2-D2_Journal.app */;
			productType = "com.apple.product-type.application";
		};
/* End PBXNativeTarget section */

/* Begin PBXProject section */
		2CAAE73D28BD51EA00303DB6 /* Project object */ = {
			isa = PBXProject;
			attributes = {
				BuildIndependentTargetsInParallel = 1;
				LastSwiftUpdateCheck = 1340;
				LastUpgradeCheck = 1340;
				TargetAttributes = {
					2CAAE74428BD51EA00303DB6 = {
						CreatedOnToolsVersion = 13.4.1;
					};
				};
			};
			buildConfigurationList = 2CAAE74028BD51EA00303DB6 /* Build configuration list for PBXProject "W2-D2_Journal" */;
			compatibilityVersion = "Xcode 13.0";
			developmentRegion = en;
			hasScannedForEncodings = 0;
			knownRegions = (
				en,
				Base,
			);
			mainGroup = 2CAAE73C28BD51EA00303DB6;
			productRefGroup = 2CAAE74628BD51EA00303DB6 /* Products */;
			projectDirPath = "";
			projectRoot = "";
			targets = (
				2CAAE74428BD51EA00303DB6 /* W2-D2_Journal */,
			);
		};
/* End PBXProject section */

/* Begin PBXResourcesBuildPhase section */
		2CAAE74328BD51EA00303DB6 /* Resources */ = {
			isa = PBXResourcesBuildPhase;
			buildActionMask = 2147483647;
			files = (
				2CAAE77428BD5B0100303DB6 /* Main.storyboard in Resources */,
				2CAAE75528BD51EB00303DB6 /* LaunchScreen.storyboard in Resources */,
				2CAAE75228BD51EB00303DB6 /* Assets.xcassets in Resources */,
			);
			runOnlyForDeploymentPostprocessing = 0;
		};
/* End PBXResourcesBuildPhase section */

/* Begin PBXSourcesBuildPhase section */
		2CAAE74128BD51EA00303DB6 /* Sources */ = {
			isa = PBXSourcesBuildPhase;
			buildActionMask = 2147483647;
			files = (
				2CAAE77628BD5B1900303DB6 /* JournalListViewController.swift in Sources */,
				2CAAE76128BD52E300303DB6 /* Entry.swift in Sources */,
				2CAAE77228BD539200303DB6 /* JournalController.swift in Sources */,
				2CAAE76328BD52EA00303DB6 /* Journal.swift in Sources */,
				2CAAE74928BD51EA00303DB6 /* AppDelegate.swift in Sources */,
				2CAAE76B28BD533400303DB6 /* EntryContoller.swift in Sources */,
				2CAAE76D28BD534E00303DB6 /* EntryListTableViewController.swift in Sources */,
				2CAAE77028BD536000303DB6 /* EntryDetailViewController.swift in Sources */,
				2CAAE74B28BD51EA00303DB6 /* SceneDelegate.swift in Sources */,
			);
			runOnlyForDeploymentPostprocessing = 0;
		};
/* End PBXSourcesBuildPhase section */

/* Begin PBXVariantGroup section */
		2CAAE75328BD51EB00303DB6 /* LaunchScreen.storyboard */ = {
			isa = PBXVariantGroup;
			children = (
				2CAAE75428BD51EB00303DB6 /* Base */,
			);
			name = LaunchScreen.storyboard;
			sourceTree = "<group>";
		};
/* End PBXVariantGroup section */

/* Begin XCBuildConfiguration section */
		2CAAE75728BD51EB00303DB6 /* Debug */ = {
			isa = XCBuildConfiguration;
			buildSettings = {
				ALWAYS_SEARCH_USER_PATHS = NO;
				CLANG_ANALYZER_NONNULL = YES;
				CLANG_ANALYZER_NUMBER_OBJECT_CONVERSION = YES_AGGRESSIVE;
				CLANG_CXX_LANGUAGE_STANDARD = "gnu++17";
				CLANG_ENABLE_MODULES = YES;
				CLANG_ENABLE_OBJC_ARC = YES;
				CLANG_ENABLE_OBJC_WEAK = YES;
				CLANG_WARN_BLOCK_CAPTURE_AUTORELEASING = YES;
				CLANG_WARN_BOOL_CONVERSION = YES;
				CLANG_WARN_COMMA = YES;
				CLANG_WARN_CONSTANT_CONVERSION = YES;
				CLANG_WARN_DEPRECATED_OBJC_IMPLEMENTATIONS = YES;
				CLANG_WARN_DIRECT_OBJC_ISA_USAGE = YES_ERROR;
				CLANG_WARN_DOCUMENTATION_COMMENTS = YES;
				CLANG_WARN_EMPTY_BODY = YES;
				CLANG_WARN_ENUM_CONVERSION = YES;
				CLANG_WARN_INFINITE_RECURSION = YES;
				CLANG_WARN_INT_CONVERSION = YES;
				CLANG_WARN_NON_LITERAL_NULL_CONVERSION = YES;
				CLANG_WARN_OBJC_IMPLICIT_RETAIN_SELF = YES;
				CLANG_WARN_OBJC_LITERAL_CONVERSION = YES;
				CLANG_WARN_OBJC_ROOT_CLASS = YES_ERROR;
				CLANG_WARN_QUOTED_INCLUDE_IN_FRAMEWORK_HEADER = YES;
				CLANG_WARN_RANGE_LOOP_ANALYSIS = YES;
				CLANG_WARN_STRICT_PROTOTYPES = YES;
				CLANG_WARN_SUSPICIOUS_MOVE = YES;
				CLANG_WARN_UNGUARDED_AVAILABILITY = YES_AGGRESSIVE;
				CLANG_WARN_UNREACHABLE_CODE = YES;
				CLANG_WARN__DUPLICATE_METHOD_MATCH = YES;
				COPY_PHASE_STRIP = NO;
				DEBUG_INFORMATION_FORMAT = dwarf;
				ENABLE_STRICT_OBJC_MSGSEND = YES;
				ENABLE_TESTABILITY = YES;
				GCC_C_LANGUAGE_STANDARD = gnu11;
				GCC_DYNAMIC_NO_PIC = NO;
				GCC_NO_COMMON_BLOCKS = YES;
				GCC_OPTIMIZATION_LEVEL = 0;
				GCC_PREPROCESSOR_DEFINITIONS = (
					"DEBUG=1",
					"$(inherited)",
				);
				GCC_WARN_64_TO_32_BIT_CONVERSION = YES;
				GCC_WARN_ABOUT_RETURN_TYPE = YES_ERROR;
				GCC_WARN_UNDECLARED_SELECTOR = YES;
				GCC_WARN_UNINITIALIZED_AUTOS = YES_AGGRESSIVE;
				GCC_WARN_UNUSED_FUNCTION = YES;
				GCC_WARN_UNUSED_VARIABLE = YES;
				IPHONEOS_DEPLOYMENT_TARGET = 15.5;
				MTL_ENABLE_DEBUG_INFO = INCLUDE_SOURCE;
				MTL_FAST_MATH = YES;
				ONLY_ACTIVE_ARCH = YES;
				SDKROOT = iphoneos;
				SWIFT_ACTIVE_COMPILATION_CONDITIONS = DEBUG;
				SWIFT_OPTIMIZATION_LEVEL = "-Onone";
			};
			name = Debug;
		};
		2CAAE75828BD51EB00303DB6 /* Release */ = {
			isa = XCBuildConfiguration;
			buildSettings = {
				ALWAYS_SEARCH_USER_PATHS = NO;
				CLANG_ANALYZER_NONNULL = YES;
				CLANG_ANALYZER_NUMBER_OBJECT_CONVERSION = YES_AGGRESSIVE;
				CLANG_CXX_LANGUAGE_STANDARD = "gnu++17";
				CLANG_ENABLE_MODULES = YES;
				CLANG_ENABLE_OBJC_ARC = YES;
				CLANG_ENABLE_OBJC_WEAK = YES;
				CLANG_WARN_BLOCK_CAPTURE_AUTORELEASING = YES;
				CLANG_WARN_BOOL_CONVERSION = YES;
				CLANG_WARN_COMMA = YES;
				CLANG_WARN_CONSTANT_CONVERSION = YES;
				CLANG_WARN_DEPRECATED_OBJC_IMPLEMENTATIONS = YES;
				CLANG_WARN_DIRECT_OBJC_ISA_USAGE = YES_ERROR;
				CLANG_WARN_DOCUMENTATION_COMMENTS = YES;
				CLANG_WARN_EMPTY_BODY = YES;
				CLANG_WARN_ENUM_CONVERSION = YES;
				CLANG_WARN_INFINITE_RECURSION = YES;
				CLANG_WARN_INT_CONVERSION = YES;
				CLANG_WARN_NON_LITERAL_NULL_CONVERSION = YES;
				CLANG_WARN_OBJC_IMPLICIT_RETAIN_SELF = YES;
				CLANG_WARN_OBJC_LITERAL_CONVERSION = YES;
				CLANG_WARN_OBJC_ROOT_CLASS = YES_ERROR;
				CLANG_WARN_QUOTED_INCLUDE_IN_FRAMEWORK_HEADER = YES;
				CLANG_WARN_RANGE_LOOP_ANALYSIS = YES;
				CLANG_WARN_STRICT_PROTOTYPES = YES;
				CLANG_WARN_SUSPICIOUS_MOVE = YES;
				CLANG_WARN_UNGUARDED_AVAILABILITY = YES_AGGRESSIVE;
				CLANG_WARN_UNREACHABLE_CODE = YES;
				CLANG_WARN__DUPLICATE_METHOD_MATCH = YES;
				COPY_PHASE_STRIP = NO;
				DEBUG_INFORMATION_FORMAT = "dwarf-with-dsym";
				ENABLE_NS_ASSERTIONS = NO;
				ENABLE_STRICT_OBJC_MSGSEND = YES;
				GCC_C_LANGUAGE_STANDARD = gnu11;
				GCC_NO_COMMON_BLOCKS = YES;
				GCC_WARN_64_TO_32_BIT_CONVERSION = YES;
				GCC_WARN_ABOUT_RETURN_TYPE = YES_ERROR;
				GCC_WARN_UNDECLARED_SELECTOR = YES;
				GCC_WARN_UNINITIALIZED_AUTOS = YES_AGGRESSIVE;
				GCC_WARN_UNUSED_FUNCTION = YES;
				GCC_WARN_UNUSED_VARIABLE = YES;
				IPHONEOS_DEPLOYMENT_TARGET = 15.5;
				MTL_ENABLE_DEBUG_INFO = NO;
				MTL_FAST_MATH = YES;
				SDKROOT = iphoneos;
				SWIFT_COMPILATION_MODE = wholemodule;
				SWIFT_OPTIMIZATION_LEVEL = "-O";
				VALIDATE_PRODUCT = YES;
			};
			name = Release;
		};
		2CAAE75A28BD51EB00303DB6 /* Debug */ = {
			isa = XCBuildConfiguration;
			buildSettings = {
				ASSETCATALOG_COMPILER_APPICON_NAME = AppIcon;
				ASSETCATALOG_COMPILER_GLOBAL_ACCENT_COLOR_NAME = AccentColor;
				CODE_SIGN_STYLE = Automatic;
				CURRENT_PROJECT_VERSION = 1;
				DEVELOPMENT_TEAM = 98KJSJQJ4V;
				GENERATE_INFOPLIST_FILE = YES;
				INFOPLIST_FILE = "W2-D2_Journal/Resources/Info.plist";
				INFOPLIST_KEY_UIApplicationSupportsIndirectInputEvents = YES;
				INFOPLIST_KEY_UILaunchStoryboardName = LaunchScreen;
				INFOPLIST_KEY_UIMainStoryboardFile = Main;
				INFOPLIST_KEY_UISupportedInterfaceOrientations_iPad = "UIInterfaceOrientationPortrait UIInterfaceOrientationPortraitUpsideDown UIInterfaceOrientationLandscapeLeft UIInterfaceOrientationLandscapeRight";
				INFOPLIST_KEY_UISupportedInterfaceOrientations_iPhone = "UIInterfaceOrientationPortrait UIInterfaceOrientationLandscapeLeft UIInterfaceOrientationLandscapeRight";
				LD_RUNPATH_SEARCH_PATHS = (
					"$(inherited)",
					"@executable_path/Frameworks",
				);
				MARKETING_VERSION = 1.0;
				PRODUCT_BUNDLE_IDENTIFIER = "com.royalbluesoftware.W2-D2-Journal";
				PRODUCT_NAME = "$(TARGET_NAME)";
				SWIFT_EMIT_LOC_STRINGS = YES;
				SWIFT_VERSION = 5.0;
				TARGETED_DEVICE_FAMILY = "1,2";
			};
			name = Debug;
		};
		2CAAE75B28BD51EB00303DB6 /* Release */ = {
			isa = XCBuildConfiguration;
			buildSettings = {
				ASSETCATALOG_COMPILER_APPICON_NAME = AppIcon;
				ASSETCATALOG_COMPILER_GLOBAL_ACCENT_COLOR_NAME = AccentColor;
				CODE_SIGN_STYLE = Automatic;
				CURRENT_PROJECT_VERSION = 1;
				DEVELOPMENT_TEAM = 98KJSJQJ4V;
				GENERATE_INFOPLIST_FILE = YES;
				INFOPLIST_FILE = "W2-D2_Journal/Resources/Info.plist";
				INFOPLIST_KEY_UIApplicationSupportsIndirectInputEvents = YES;
				INFOPLIST_KEY_UILaunchStoryboardName = LaunchScreen;
				INFOPLIST_KEY_UIMainStoryboardFile = Main;
				INFOPLIST_KEY_UISupportedInterfaceOrientations_iPad = "UIInterfaceOrientationPortrait UIInterfaceOrientationPortraitUpsideDown UIInterfaceOrientationLandscapeLeft UIInterfaceOrientationLandscapeRight";
				INFOPLIST_KEY_UISupportedInterfaceOrientations_iPhone = "UIInterfaceOrientationPortrait UIInterfaceOrientationLandscapeLeft UIInterfaceOrientationLandscapeRight";
				LD_RUNPATH_SEARCH_PATHS = (
					"$(inherited)",
					"@executable_path/Frameworks",
				);
				MARKETING_VERSION = 1.0;
				PRODUCT_BUNDLE_IDENTIFIER = "com.royalbluesoftware.W2-D2-Journal";
				PRODUCT_NAME = "$(TARGET_NAME)";
				SWIFT_EMIT_LOC_STRINGS = YES;
				SWIFT_VERSION = 5.0;
				TARGETED_DEVICE_FAMILY = "1,2";
			};
			name = Release;
		};
/* End XCBuildConfiguration section */

/* Begin XCConfigurationList section */
		2CAAE74028BD51EA00303DB6 /* Build configuration list for PBXProject "W2-D2_Journal" */ = {
			isa = XCConfigurationList;
			buildConfigurations = (
				2CAAE75728BD51EB00303DB6 /* Debug */,
				2CAAE75828BD51EB00303DB6 /* Release */,
			);
			defaultConfigurationIsVisible = 0;
			defaultConfigurationName = Release;
		};
		2CAAE75928BD51EB00303DB6 /* Build configuration list for PBXNativeTarget "W2-D2_Journal" */ = {
			isa = XCConfigurationList;
			buildConfigurations = (
				2CAAE75A28BD51EB00303DB6 /* Debug */,
				2CAAE75B28BD51EB00303DB6 /* Release */,
			);
			defaultConfigurationIsVisible = 0;
			defaultConfigurationName = Release;
		};
/* End XCConfigurationList section */
	};
	rootObject = 2CAAE73D28BD51EA00303DB6 /* Project object */;
}
